
Microsoft Visual Studio Solution File, Format Version 12.00
# Visual Studio Version 16
VisualStudioVersion = 16.0.31402.337
MinimumVisualStudioVersion = 10.0.40219.1
Project("{FAE04EC0-301F-11D3-BF4B-00C04F79EFBC}") = "For_me", "For_me.csproj", "{AB36AE81-5387-46BB-AD39-A99DB0AC7460}"
EndProject
Global
	GlobalSection(SolutionConfigurationPlatforms) = preSolution
		Debug|Any CPU = Debug|Any CPU
		Release|Any CPU = Release|Any CPU
	EndGlobalSection
	GlobalSection(ProjectConfigurationPlatforms) = postSolution
		{AB36AE81-5387-46BB-AD39-A99DB0AC7460}.Debug|Any CPU.ActiveCfg = Debug|Any CPU
		{AB36AE81-5387-46BB-AD39-A99DB0AC7460}.Debug|Any CPU.Build.0 = Debug|Any CPU
		{AB36AE81-5387-46BB-AD39-A99DB0AC7460}.Release|Any CPU.ActiveCfg = Release|Any CPU
		{AB36AE81-5387-46BB-AD39-A99DB0AC7460}.Release|Any CPU.Build.0 = Release|Any CPU
	EndGlobalSection
	GlobalSection(SolutionProperties) = preSolution
		HideSolutionNode = FALSE
	EndGlobalSection
	GlobalSection(ExtensibilityGlobals) = postSolution
		SolutionGuid = {6D30FC78-24C4-495C-AEE5-614E0912A748}
	EndGlobalSection
EndGlobal
